// !$*UTF8*$!
{
	archiveVersion = 1;
	classes = {
	};
	objectVersion = 46;
	objects = {

/* Begin PBXBuildFile section */
		320EBE8299917BBC16D49AF4 /* libPods-Movie Reviews.a in Frameworks */ = {isa = PBXBuildFile; fileRef = F15EE6641F552F8CB6D0DC91 /* libPods-Movie Reviews.a */; };
		4394F7DF1B74BD44008D4B35 /* Movie_ReviewsTests.m in Sources */ = {isa = PBXBuildFile; fileRef = 4394F7DE1B74BD44008D4B35 /* Movie_ReviewsTests.m */; };
		4394F7EA1B74BFB6008D4B35 /* Info.plist in Resources */ = {isa = PBXBuildFile; fileRef = 4394F7E81B74BFB6008D4B35 /* Info.plist */; };
		4394F7EB1B74BFB6008D4B35 /* main.m in Sources */ = {isa = PBXBuildFile; fileRef = 4394F7E91B74BFB6008D4B35 /* main.m */; };
		4394F7F41B74C009008D4B35 /* Images.xcassets in Resources */ = {isa = PBXBuildFile; fileRef = 4394F7F31B74C009008D4B35 /* Images.xcassets */; };
		4394F7F91B74C013008D4B35 /* LaunchScreen.xib in Resources */ = {isa = PBXBuildFile; fileRef = 4394F7F51B74C013008D4B35 /* LaunchScreen.xib */; };
		4394F7FA1B74C013008D4B35 /* Main.storyboard in Resources */ = {isa = PBXBuildFile; fileRef = 4394F7F71B74C013008D4B35 /* Main.storyboard */; };
		4394F7FD1B74C02A008D4B35 /* AppDelegate.m in Sources */ = {isa = PBXBuildFile; fileRef = 4394F7FC1B74C02A008D4B35 /* AppDelegate.m */; };
		4394F8061B74C03D008D4B35 /* FirstViewController.m in Sources */ = {isa = PBXBuildFile; fileRef = 4394F8001B74C03D008D4B35 /* FirstViewController.m */; };
		4394F8071B74C03D008D4B35 /* SecondViewController.m in Sources */ = {isa = PBXBuildFile; fileRef = 4394F8021B74C03D008D4B35 /* SecondViewController.m */; };
		4394F80B1B74C101008D4B35 /* Podfile in Resources */ = {isa = PBXBuildFile; fileRef = 4394F80A1B74C101008D4B35 /* Podfile */; };
		4394F81A1B74C6D6008D4B35 /* Link.m in Sources */ = {isa = PBXBuildFile; fileRef = 4394F80D1B74C6D6008D4B35 /* Link.m */; };
		4394F81B1B74C6D6008D4B35 /* Model.xcdatamodeld in Sources */ = {isa = PBXBuildFile; fileRef = 4394F80E1B74C6D6008D4B35 /* Model.xcdatamodeld */; };
		4394F81C1B74C6D6008D4B35 /* MovieSearch.m in Sources */ = {isa = PBXBuildFile; fileRef = 4394F8111B74C6D6008D4B35 /* MovieSearch.m */; };
		4394F81D1B74C6D6008D4B35 /* Multimedia.m in Sources */ = {isa = PBXBuildFile; fileRef = 4394F8131B74C6D6008D4B35 /* Multimedia.m */; };
		4394F81E1B74C6D6008D4B35 /* RelatedUrls.m in Sources */ = {isa = PBXBuildFile; fileRef = 4394F8151B74C6D6008D4B35 /* RelatedUrls.m */; };
		4394F81F1B74C6D6008D4B35 /* Resource.m in Sources */ = {isa = PBXBuildFile; fileRef = 4394F8171B74C6D6008D4B35 /* Resource.m */; };
		4394F8201B74C6D6008D4B35 /* Results.m in Sources */ = {isa = PBXBuildFile; fileRef = 4394F8191B74C6D6008D4B35 /* Results.m */; };
/* End PBXBuildFile section */

/* Begin PBXContainerItemProxy section */
		4394F7D91B74BD44008D4B35 /* PBXContainerItemProxy */ = {
			isa = PBXContainerItemProxy;
			containerPortal = 4394F7B41B74BD44008D4B35 /* Project object */;
			proxyType = 1;
			remoteGlobalIDString = 4394F7BB1B74BD44008D4B35;
			remoteInfo = "Movie Reviews";
		};
/* End PBXContainerItemProxy section */

/* Begin PBXFileReference section */
		09ED700E6D2FC8436BF01579 /* Pods-Movie Reviews.debug.xcconfig */ = {isa = PBXFileReference; includeInIndex = 1; lastKnownFileType = text.xcconfig; name = "Pods-Movie Reviews.debug.xcconfig"; path = "Pods/Target Support Files/Pods-Movie Reviews/Pods-Movie Reviews.debug.xcconfig"; sourceTree = "<group>"; };
		4394F7BC1B74BD44008D4B35 /* Movie Reviews.app */ = {isa = PBXFileReference; explicitFileType = wrapper.application; includeInIndex = 0; path = "Movie Reviews.app"; sourceTree = BUILT_PRODUCTS_DIR; };
		4394F7D81B74BD44008D4B35 /* Movie ReviewsTests.xctest */ = {isa = PBXFileReference; explicitFileType = wrapper.cfbundle; includeInIndex = 0; path = "Movie ReviewsTests.xctest"; sourceTree = BUILT_PRODUCTS_DIR; };
		4394F7DD1B74BD44008D4B35 /* Info.plist */ = {isa = PBXFileReference; lastKnownFileType = text.plist.xml; path = Info.plist; sourceTree = "<group>"; };
		4394F7DE1B74BD44008D4B35 /* Movie_ReviewsTests.m */ = {isa = PBXFileReference; lastKnownFileType = sourcecode.c.objc; path = Movie_ReviewsTests.m; sourceTree = "<group>"; };
		4394F7E81B74BFB6008D4B35 /* Info.plist */ = {isa = PBXFileReference; fileEncoding = 4; lastKnownFileType = text.plist.xml; name = Info.plist; path = "Supporting Files/Info.plist"; sourceTree = "<group>"; };
		4394F7E91B74BFB6008D4B35 /* main.m */ = {isa = PBXFileReference; fileEncoding = 4; lastKnownFileType = sourcecode.c.objc; name = main.m; path = "Supporting Files/main.m"; sourceTree = "<group>"; };
		4394F7F31B74C009008D4B35 /* Images.xcassets */ = {isa = PBXFileReference; lastKnownFileType = folder.assetcatalog; name = Images.xcassets; path = "Supporting Files/Images.xcassets"; sourceTree = "<group>"; };
		4394F7F61B74C013008D4B35 /* Base */ = {isa = PBXFileReference; lastKnownFileType = file.xib; name = Base; path = "Supporting Files/Base.lproj/LaunchScreen.xib"; sourceTree = "<group>"; };
		4394F7F81B74C013008D4B35 /* Base */ = {isa = PBXFileReference; lastKnownFileType = file.storyboard; name = Base; path = "Supporting Files/Base.lproj/Main.storyboard"; sourceTree = "<group>"; };
		4394F7FB1B74C02A008D4B35 /* AppDelegate.h */ = {isa = PBXFileReference; fileEncoding = 4; lastKnownFileType = sourcecode.c.h; name = AppDelegate.h; path = "Supporting Files/AppDelegate.h"; sourceTree = "<group>"; };
		4394F7FC1B74C02A008D4B35 /* AppDelegate.m */ = {isa = PBXFileReference; fileEncoding = 4; lastKnownFileType = sourcecode.c.objc; name = AppDelegate.m; path = "Supporting Files/AppDelegate.m"; sourceTree = "<group>"; };
		4394F7FF1B74C03D008D4B35 /* FirstViewController.h */ = {isa = PBXFileReference; fileEncoding = 4; lastKnownFileType = sourcecode.c.h; path = FirstViewController.h; sourceTree = "<group>"; };
		4394F8001B74C03D008D4B35 /* FirstViewController.m */ = {isa = PBXFileReference; fileEncoding = 4; lastKnownFileType = sourcecode.c.objc; path = FirstViewController.m; sourceTree = "<group>"; };
		4394F8011B74C03D008D4B35 /* SecondViewController.h */ = {isa = PBXFileReference; fileEncoding = 4; lastKnownFileType = sourcecode.c.h; path = SecondViewController.h; sourceTree = "<group>"; };
		4394F8021B74C03D008D4B35 /* SecondViewController.m */ = {isa = PBXFileReference; fileEncoding = 4; lastKnownFileType = sourcecode.c.objc; path = SecondViewController.m; sourceTree = "<group>"; };
		4394F80A1B74C101008D4B35 /* Podfile */ = {isa = PBXFileReference; fileEncoding = 4; lastKnownFileType = text; path = Podfile; sourceTree = SOURCE_ROOT; };
		4394F80C1B74C6D6008D4B35 /* Link.h */ = {isa = PBXFileReference; fileEncoding = 4; lastKnownFileType = sourcecode.c.h; path = Link.h; sourceTree = "<group>"; };
		4394F80D1B74C6D6008D4B35 /* Link.m */ = {isa = PBXFileReference; fileEncoding = 4; lastKnownFileType = sourcecode.c.objc; path = Link.m; sourceTree = "<group>"; };
		4394F80F1B74C6D6008D4B35 /* Model.xcdatamodel */ = {isa = PBXFileReference; lastKnownFileType = wrapper.xcdatamodel; path = Model.xcdatamodel; sourceTree = "<group>"; };
		4394F8101B74C6D6008D4B35 /* MovieSearch.h */ = {isa = PBXFileReference; fileEncoding = 4; lastKnownFileType = sourcecode.c.h; path = MovieSearch.h; sourceTree = "<group>"; };
		4394F8111B74C6D6008D4B35 /* MovieSearch.m */ = {isa = PBXFileReference; fileEncoding = 4; lastKnownFileType = sourcecode.c.objc; path = MovieSearch.m; sourceTree = "<group>"; };
		4394F8121B74C6D6008D4B35 /* Multimedia.h */ = {isa = PBXFileReference; fileEncoding = 4; lastKnownFileType = sourcecode.c.h; path = Multimedia.h; sourceTree = "<group>"; };
		4394F8131B74C6D6008D4B35 /* Multimedia.m */ = {isa = PBXFileReference; fileEncoding = 4; lastKnownFileType = sourcecode.c.objc; path = Multimedia.m; sourceTree = "<group>"; };
		4394F8141B74C6D6008D4B35 /* RelatedUrls.h */ = {isa = PBXFileReference; fileEncoding = 4; lastKnownFileType = sourcecode.c.h; path = RelatedUrls.h; sourceTree = "<group>"; };
		4394F8151B74C6D6008D4B35 /* RelatedUrls.m */ = {isa = PBXFileReference; fileEncoding = 4; lastKnownFileType = sourcecode.c.objc; path = RelatedUrls.m; sourceTree = "<group>"; };
		4394F8161B74C6D6008D4B35 /* Resource.h */ = {isa = PBXFileReference; fileEncoding = 4; lastKnownFileType = sourcecode.c.h; path = Resource.h; sourceTree = "<group>"; };
		4394F8171B74C6D6008D4B35 /* Resource.m */ = {isa = PBXFileReference; fileEncoding = 4; lastKnownFileType = sourcecode.c.objc; path = Resource.m; sourceTree = "<group>"; };
		4394F8181B74C6D6008D4B35 /* Results.h */ = {isa = PBXFileReference; fileEncoding = 4; lastKnownFileType = sourcecode.c.h; path = Results.h; sourceTree = "<group>"; };
		4394F8191B74C6D6008D4B35 /* Results.m */ = {isa = PBXFileReference; fileEncoding = 4; lastKnownFileType = sourcecode.c.objc; path = Results.m; sourceTree = "<group>"; };
		A309AFB8B24D5230AF27604A /* Pods-Movie Reviews.release.xcconfig */ = {isa = PBXFileReference; includeInIndex = 1; lastKnownFileType = text.xcconfig; name = "Pods-Movie Reviews.release.xcconfig"; path = "Pods/Target Support Files/Pods-Movie Reviews/Pods-Movie Reviews.release.xcconfig"; sourceTree = "<group>"; };
		F15EE6641F552F8CB6D0DC91 /* libPods-Movie Reviews.a */ = {isa = PBXFileReference; explicitFileType = archive.ar; includeInIndex = 0; path = "libPods-Movie Reviews.a"; sourceTree = BUILT_PRODUCTS_DIR; };
/* End PBXFileReference section */

/* Begin PBXFrameworksBuildPhase section */
		4394F7B91B74BD44008D4B35 /* Frameworks */ = {
			isa = PBXFrameworksBuildPhase;
			buildActionMask = 2147483647;
			files = (
				320EBE8299917BBC16D49AF4 /* libPods-Movie Reviews.a in Frameworks */,
			);
			runOnlyForDeploymentPostprocessing = 0;
		};
		4394F7D51B74BD44008D4B35 /* Frameworks */ = {
			isa = PBXFrameworksBuildPhase;
			buildActionMask = 2147483647;
			files = (
			);
			runOnlyForDeploymentPostprocessing = 0;
		};
/* End PBXFrameworksBuildPhase section */

/* Begin PBXGroup section */
		4394F7B31B74BD44008D4B35 = {
			isa = PBXGroup;
			children = (
				4394F7BE1B74BD44008D4B35 /* Movie Reviews */,
				4394F7DB1B74BD44008D4B35 /* Movie ReviewsTests */,
				4394F7BD1B74BD44008D4B35 /* Products */,
				9806C9CEC01A221A11BD255D /* Pods */,
				8895E8E990AD9C3877D7629C /* Frameworks */,
			);
			sourceTree = "<group>";
		};
		4394F7BD1B74BD44008D4B35 /* Products */ = {
			isa = PBXGroup;
			children = (
				4394F7BC1B74BD44008D4B35 /* Movie Reviews.app */,
				4394F7D81B74BD44008D4B35 /* Movie ReviewsTests.xctest */,
			);
			name = Products;
			sourceTree = "<group>";
		};
		4394F7BE1B74BD44008D4B35 /* Movie Reviews */ = {
			isa = PBXGroup;
			children = (
				4394F80A1B74C101008D4B35 /* Podfile */,
				4394F8031B74C03D008D4B35 /* Model */,
				4394F8051B74C03D008D4B35 /* Views */,
				4394F7FE1B74C03D008D4B35 /* Controllers */,
				4394F8081B74C0A6008D4B35 /* Helper Classes */,
				4394F7BF1B74BD44008D4B35 /* Supporting Files */,
			);
			path = "Movie Reviews";
			sourceTree = "<group>";
		};
		4394F7BF1B74BD44008D4B35 /* Supporting Files */ = {
			isa = PBXGroup;
			children = (
				4394F7F31B74C009008D4B35 /* Images.xcassets */,
				4394F7FB1B74C02A008D4B35 /* AppDelegate.h */,
				4394F7FC1B74C02A008D4B35 /* AppDelegate.m */,
				4394F7F51B74C013008D4B35 /* LaunchScreen.xib */,
				4394F7F71B74C013008D4B35 /* Main.storyboard */,
				4394F7E81B74BFB6008D4B35 /* Info.plist */,
				4394F7E91B74BFB6008D4B35 /* main.m */,
			);
			name = "Supporting Files";
			sourceTree = "<group>";
		};
		4394F7DB1B74BD44008D4B35 /* Movie ReviewsTests */ = {
			isa = PBXGroup;
			children = (
				4394F7DE1B74BD44008D4B35 /* Movie_ReviewsTests.m */,
				4394F7DC1B74BD44008D4B35 /* Supporting Files */,
			);
			path = "Movie ReviewsTests";
			sourceTree = "<group>";
		};
		4394F7DC1B74BD44008D4B35 /* Supporting Files */ = {
			isa = PBXGroup;
			children = (
				4394F7DD1B74BD44008D4B35 /* Info.plist */,
			);
			name = "Supporting Files";
			sourceTree = "<group>";
		};
		4394F7FE1B74C03D008D4B35 /* Controllers */ = {
			isa = PBXGroup;
			children = (
				4394F7FF1B74C03D008D4B35 /* FirstViewController.h */,
				4394F8001B74C03D008D4B35 /* FirstViewController.m */,
				4394F8011B74C03D008D4B35 /* SecondViewController.h */,
				4394F8021B74C03D008D4B35 /* SecondViewController.m */,
			);
			path = Controllers;
			sourceTree = "<group>";
		};
		4394F8031B74C03D008D4B35 /* Model */ = {
			isa = PBXGroup;
			children = (
				4394F8041B74C03D008D4B35 /* API Model */,
			);
			path = Model;
			sourceTree = "<group>";
		};
		4394F8041B74C03D008D4B35 /* API Model */ = {
			isa = PBXGroup;
			children = (
				4394F80C1B74C6D6008D4B35 /* Link.h */,
				4394F80D1B74C6D6008D4B35 /* Link.m */,
				4394F80E1B74C6D6008D4B35 /* Model.xcdatamodeld */,
				4394F8101B74C6D6008D4B35 /* MovieSearch.h */,
				4394F8111B74C6D6008D4B35 /* MovieSearch.m */,
				4394F8121B74C6D6008D4B35 /* Multimedia.h */,
				4394F8131B74C6D6008D4B35 /* Multimedia.m */,
				4394F8141B74C6D6008D4B35 /* RelatedUrls.h */,
				4394F8151B74C6D6008D4B35 /* RelatedUrls.m */,
				4394F8161B74C6D6008D4B35 /* Resource.h */,
				4394F8171B74C6D6008D4B35 /* Resource.m */,
				4394F8181B74C6D6008D4B35 /* Results.h */,
				4394F8191B74C6D6008D4B35 /* Results.m */,
			);
			path = "API Model";
			sourceTree = "<group>";
		};
		4394F8051B74C03D008D4B35 /* Views */ = {
			isa = PBXGroup;
			children = (
			);
			path = Views;
			sourceTree = "<group>";
		};
		4394F8081B74C0A6008D4B35 /* Helper Classes */ = {
			isa = PBXGroup;
			children = (
				4394F8091B74C0A6008D4B35 /* Categories */,
			);
			name = "Helper Classes";
			path = "Movie Reviews/Helper Classes";
			sourceTree = SOURCE_ROOT;
		};
		4394F8091B74C0A6008D4B35 /* Categories */ = {
			isa = PBXGroup;
			children = (
			);
			path = Categories;
			sourceTree = "<group>";
		};
		8895E8E990AD9C3877D7629C /* Frameworks */ = {
			isa = PBXGroup;
			children = (
				F15EE6641F552F8CB6D0DC91 /* libPods-Movie Reviews.a */,
			);
			name = Frameworks;
			sourceTree = "<group>";
		};
		9806C9CEC01A221A11BD255D /* Pods */ = {
			isa = PBXGroup;
			children = (
				09ED700E6D2FC8436BF01579 /* Pods-Movie Reviews.debug.xcconfig */,
				A309AFB8B24D5230AF27604A /* Pods-Movie Reviews.release.xcconfig */,
			);
			name = Pods;
			sourceTree = "<group>";
		};
/* End PBXGroup section */

/* Begin PBXNativeTarget section */
		4394F7BB1B74BD44008D4B35 /* Movie Reviews */ = {
			isa = PBXNativeTarget;
			buildConfigurationList = 4394F7E21B74BD44008D4B35 /* Build configuration list for PBXNativeTarget "Movie Reviews" */;
			buildPhases = (
				4DC0F894F9AB5B83E9F5F3FF /* Check Pods Manifest.lock */,
				4394F7B81B74BD44008D4B35 /* Sources */,
				4394F7B91B74BD44008D4B35 /* Frameworks */,
				4394F7BA1B74BD44008D4B35 /* Resources */,
				BB5E84B8D01FC0D150D28C0C /* Copy Pods Resources */,
			);
			buildRules = (
			);
			dependencies = (
			);
			name = "Movie Reviews";
			productName = "Movie Reviews";
			productReference = 4394F7BC1B74BD44008D4B35 /* Movie Reviews.app */;
			productType = "com.apple.product-type.application";
		};
		4394F7D71B74BD44008D4B35 /* Movie ReviewsTests */ = {
			isa = PBXNativeTarget;
			buildConfigurationList = 4394F7E51B74BD44008D4B35 /* Build configuration list for PBXNativeTarget "Movie ReviewsTests" */;
			buildPhases = (
				4394F7D41B74BD44008D4B35 /* Sources */,
				4394F7D51B74BD44008D4B35 /* Frameworks */,
				4394F7D61B74BD44008D4B35 /* Resources */,
			);
			buildRules = (
			);
			dependencies = (
				4394F7DA1B74BD44008D4B35 /* PBXTargetDependency */,
			);
			name = "Movie ReviewsTests";
			productName = "Movie ReviewsTests";
			productReference = 4394F7D81B74BD44008D4B35 /* Movie ReviewsTests.xctest */;
			productType = "com.apple.product-type.bundle.unit-test";
		};
/* End PBXNativeTarget section */

/* Begin PBXProject section */
		4394F7B41B74BD44008D4B35 /* Project object */ = {
			isa = PBXProject;
			attributes = {
				LastUpgradeCheck = 0640;
				ORGANIZATIONNAME = "testCompany Development";
				TargetAttributes = {
					4394F7BB1B74BD44008D4B35 = {
						CreatedOnToolsVersion = 6.4;
					};
					4394F7D71B74BD44008D4B35 = {
						CreatedOnToolsVersion = 6.4;
						TestTargetID = 4394F7BB1B74BD44008D4B35;
					};
				};
			};
			buildConfigurationList = 4394F7B71B74BD44008D4B35 /* Build configuration list for PBXProject "Movie Reviews" */;
			compatibilityVersion = "Xcode 3.2";
			developmentRegion = English;
			hasScannedForEncodings = 0;
			knownRegions = (
				en,
				Base,
			);
			mainGroup = 4394F7B31B74BD44008D4B35;
			productRefGroup = 4394F7BD1B74BD44008D4B35 /* Products */;
			projectDirPath = "";
			projectRoot = "";
			targets = (
				4394F7BB1B74BD44008D4B35 /* Movie Reviews */,
				4394F7D71B74BD44008D4B35 /* Movie ReviewsTests */,
			);
		};
/* End PBXProject section */

/* Begin PBXResourcesBuildPhase section */
		4394F7BA1B74BD44008D4B35 /* Resources */ = {
			isa = PBXResourcesBuildPhase;
			buildActionMask = 2147483647;
			files = (
				4394F80B1B74C101008D4B35 /* Podfile in Resources */,
				4394F7EA1B74BFB6008D4B35 /* Info.plist in Resources */,
				4394F7F91B74C013008D4B35 /* LaunchScreen.xib in Resources */,
				4394F7F41B74C009008D4B35 /* Images.xcassets in Resources */,
				4394F7FA1B74C013008D4B35 /* Main.storyboard in Resources */,
			);
			runOnlyForDeploymentPostprocessing = 0;
		};
		4394F7D61B74BD44008D4B35 /* Resources */ = {
			isa = PBXResourcesBuildPhase;
			buildActionMask = 2147483647;
			files = (
			);
			runOnlyForDeploymentPostprocessing = 0;
		};
/* End PBXResourcesBuildPhase section */

/* Begin PBXShellScriptBuildPhase section */
		4DC0F894F9AB5B83E9F5F3FF /* Check Pods Manifest.lock */ = {
			isa = PBXShellScriptBuildPhase;
			buildActionMask = 2147483647;
			files = (
			);
			inputPaths = (
			);
			name = "Check Pods Manifest.lock";
			outputPaths = (
			);
			runOnlyForDeploymentPostprocessing = 0;
			shellPath = /bin/sh;
			shellScript = "diff \"${PODS_ROOT}/../Podfile.lock\" \"${PODS_ROOT}/Manifest.lock\" > /dev/null\nif [[ $? != 0 ]] ; then\n    cat << EOM\nerror: The sandbox is not in sync with the Podfile.lock. Run 'pod install' or update your CocoaPods installation.\nEOM\n    exit 1\nfi\n";
			showEnvVarsInLog = 0;
		};
		BB5E84B8D01FC0D150D28C0C /* Copy Pods Resources */ = {
			isa = PBXShellScriptBuildPhase;
			buildActionMask = 2147483647;
			files = (
			);
			inputPaths = (
			);
			name = "Copy Pods Resources";
			outputPaths = (
			);
			runOnlyForDeploymentPostprocessing = 0;
			shellPath = /bin/sh;
			shellScript = "\"${SRCROOT}/Pods/Target Support Files/Pods-Movie Reviews/Pods-Movie Reviews-resources.sh\"\n";
			showEnvVarsInLog = 0;
		};
/* End PBXShellScriptBuildPhase section */

/* Begin PBXSourcesBuildPhase section */
		4394F7B81B74BD44008D4B35 /* Sources */ = {
			isa = PBXSourcesBuildPhase;
			buildActionMask = 2147483647;
			files = (
				4394F81C1B74C6D6008D4B35 /* MovieSearch.m in Sources */,
				4394F81A1B74C6D6008D4B35 /* Link.m in Sources */,
				4394F81D1B74C6D6008D4B35 /* Multimedia.m in Sources */,
				4394F81E1B74C6D6008D4B35 /* RelatedUrls.m in Sources */,
				4394F8071B74C03D008D4B35 /* SecondViewController.m in Sources */,
				4394F7EB1B74BFB6008D4B35 /* main.m in Sources */,
				4394F8201B74C6D6008D4B35 /* Results.m in Sources */,
				4394F8061B74C03D008D4B35 /* FirstViewController.m in Sources */,
				4394F81F1B74C6D6008D4B35 /* Resource.m in Sources */,
				4394F7FD1B74C02A008D4B35 /* AppDelegate.m in Sources */,
				4394F81B1B74C6D6008D4B35 /* Model.xcdatamodeld in Sources */,
			);
			runOnlyForDeploymentPostprocessing = 0;
		};
		4394F7D41B74BD44008D4B35 /* Sources */ = {
			isa = PBXSourcesBuildPhase;
			buildActionMask = 2147483647;
			files = (
				4394F7DF1B74BD44008D4B35 /* Movie_ReviewsTests.m in Sources */,
			);
			runOnlyForDeploymentPostprocessing = 0;
		};
/* End PBXSourcesBuildPhase section */

/* Begin PBXTargetDependency section */
		4394F7DA1B74BD44008D4B35 /* PBXTargetDependency */ = {
			isa = PBXTargetDependency;
			target = 4394F7BB1B74BD44008D4B35 /* Movie Reviews */;
			targetProxy = 4394F7D91B74BD44008D4B35 /* PBXContainerItemProxy */;
		};
/* End PBXTargetDependency section */

/* Begin PBXVariantGroup section */
		4394F7F51B74C013008D4B35 /* LaunchScreen.xib */ = {
			isa = PBXVariantGroup;
			children = (
				4394F7F61B74C013008D4B35 /* Base */,
			);
			name = LaunchScreen.xib;
			sourceTree = "<group>";
		};
		4394F7F71B74C013008D4B35 /* Main.storyboard */ = {
			isa = PBXVariantGroup;
			children = (
				4394F7F81B74C013008D4B35 /* Base */,
			);
			name = Main.storyboard;
			sourceTree = "<group>";
		};
/* End PBXVariantGroup section */

/* Begin XCBuildConfiguration section */
		4394F7E01B74BD44008D4B35 /* Debug */ = {
			isa = XCBuildConfiguration;
			buildSettings = {
				ALWAYS_SEARCH_USER_PATHS = NO;
				CLANG_CXX_LANGUAGE_STANDARD = "gnu++0x";
				CLANG_CXX_LIBRARY = "libc++";
				CLANG_ENABLE_MODULES = YES;
				CLANG_ENABLE_OBJC_ARC = YES;
				CLANG_WARN_BOOL_CONVERSION = YES;
				CLANG_WARN_CONSTANT_CONVERSION = YES;
				CLANG_WARN_DIRECT_OBJC_ISA_USAGE = YES_ERROR;
				CLANG_WARN_EMPTY_BODY = YES;
				CLANG_WARN_ENUM_CONVERSION = YES;
				CLANG_WARN_INT_CONVERSION = YES;
				CLANG_WARN_OBJC_ROOT_CLASS = YES_ERROR;
				CLANG_WARN_UNREACHABLE_CODE = YES;
				CLANG_WARN__DUPLICATE_METHOD_MATCH = YES;
				"CODE_SIGN_IDENTITY[sdk=iphoneos*]" = "iPhone Developer";
				COPY_PHASE_STRIP = NO;
				DEBUG_INFORMATION_FORMAT = "dwarf-with-dsym";
				ENABLE_STRICT_OBJC_MSGSEND = YES;
				GCC_C_LANGUAGE_STANDARD = gnu99;
				GCC_DYNAMIC_NO_PIC = NO;
				GCC_NO_COMMON_BLOCKS = YES;
				GCC_OPTIMIZATION_LEVEL = 0;
				GCC_PREPROCESSOR_DEFINITIONS = (
					"DEBUG=1",
					"$(inherited)",
				);
				GCC_SYMBOLS_PRIVATE_EXTERN = NO;
				GCC_WARN_64_TO_32_BIT_CONVERSION = YES;
				GCC_WARN_ABOUT_RETURN_TYPE = YES_ERROR;
				GCC_WARN_UNDECLARED_SELECTOR = YES;
				GCC_WARN_UNINITIALIZED_AUTOS = YES_AGGRESSIVE;
				GCC_WARN_UNUSED_FUNCTION = YES;
				GCC_WARN_UNUSED_VARIABLE = YES;
				IPHONEOS_DEPLOYMENT_TARGET = 8.4;
				MTL_ENABLE_DEBUG_INFO = YES;
				ONLY_ACTIVE_ARCH = YES;
				SDKROOT = iphoneos;
				TARGETED_DEVICE_FAMILY = "1,2";
			};
			name = Debug;
		};
		4394F7E11B74BD44008D4B35 /* Release */ = {
			isa = XCBuildConfiguration;
			buildSettings = {
				ALWAYS_SEARCH_USER_PATHS = NO;
				CLANG_CXX_LANGUAGE_STANDARD = "gnu++0x";
				CLANG_CXX_LIBRARY = "libc++";
				CLANG_ENABLE_MODULES = YES;
				CLANG_ENABLE_OBJC_ARC = YES;
				CLANG_WARN_BOOL_CONVERSION = YES;
				CLANG_WARN_CONSTANT_CONVERSION = YES;
				CLANG_WARN_DIRECT_OBJC_ISA_USAGE = YES_ERROR;
				CLANG_WARN_EMPTY_BODY = YES;
				CLANG_WARN_ENUM_CONVERSION = YES;
				CLANG_WARN_INT_CONVERSION = YES;
				CLANG_WARN_OBJC_ROOT_CLASS = YES_ERROR;
				CLANG_WARN_UNREACHABLE_CODE = YES;
				CLANG_WARN__DUPLICATE_METHOD_MATCH = YES;
				"CODE_SIGN_IDENTITY[sdk=iphoneos*]" = "iPhone Developer";
				COPY_PHASE_STRIP = NO;
				DEBUG_INFORMATION_FORMAT = "dwarf-with-dsym";
				ENABLE_NS_ASSERTIONS = NO;
				ENABLE_STRICT_OBJC_MSGSEND = YES;
				GCC_C_LANGUAGE_STANDARD = gnu99;
				GCC_NO_COMMON_BLOCKS = YES;
				GCC_WARN_64_TO_32_BIT_CONVERSION = YES;
				GCC_WARN_ABOUT_RETURN_TYPE = YES_ERROR;
				GCC_WARN_UNDECLARED_SELECTOR = YES;
				GCC_WARN_UNINITIALIZED_AUTOS = YES_AGGRESSIVE;
				GCC_WARN_UNUSED_FUNCTION = YES;
				GCC_WARN_UNUSED_VARIABLE = YES;
				IPHONEOS_DEPLOYMENT_TARGET = 8.4;
				MTL_ENABLE_DEBUG_INFO = NO;
				SDKROOT = iphoneos;
				TARGETED_DEVICE_FAMILY = "1,2";
				VALIDATE_PRODUCT = YES;
			};
			name = Release;
		};
		4394F7E31B74BD44008D4B35 /* Debug */ = {
			isa = XCBuildConfiguration;
			baseConfigurationReference = 09ED700E6D2FC8436BF01579 /* Pods-Movie Reviews.debug.xcconfig */;
			buildSettings = {
				ASSETCATALOG_COMPILER_APPICON_NAME = AppIcon;
				ASSETCATALOG_COMPILER_LAUNCHIMAGE_NAME = LaunchImage;
				CODE_SIGN_IDENTITY = "iPhone Developer";
				INFOPLIST_FILE = "$(SRCROOT)/Movie Reviews/Supporting Files/Info.plist";
				IPHONEOS_DEPLOYMENT_TARGET = 7.0;
				LD_RUNPATH_SEARCH_PATHS = "$(inherited) @executable_path/Frameworks";
				PRODUCT_NAME = "$(TARGET_NAME)";
			};
			name = Debug;
		};
		4394F7E41B74BD44008D4B35 /* Release */ = {
			isa = XCBuildConfiguration;
			baseConfigurationReference = A309AFB8B24D5230AF27604A /* Pods-Movie Reviews.release.xcconfig */;
			buildSettings = {
				ASSETCATALOG_COMPILER_APPICON_NAME = AppIcon;
				ASSETCATALOG_COMPILER_LAUNCHIMAGE_NAME = LaunchImage;
				CODE_SIGN_IDENTITY = "iPhone Developer";
				INFOPLIST_FILE = "$(SRCROOT)/Movie Reviews/Supporting Files/Info.plist";
				IPHONEOS_DEPLOYMENT_TARGET = 7.0;
				LD_RUNPATH_SEARCH_PATHS = "$(inherited) @executable_path/Frameworks";
				PRODUCT_NAME = "$(TARGET_NAME)";
			};
			name = Release;
		};
		4394F7E61B74BD44008D4B35 /* Debug */ = {
			isa = XCBuildConfiguration;
			buildSettings = {
				BUNDLE_LOADER = "$(TEST_HOST)";
				FRAMEWORK_SEARCH_PATHS = (
					"$(SDKROOT)/Developer/Library/Frameworks",
					"$(inherited)",
				);
				GCC_PREPROCESSOR_DEFINITIONS = (
					"DEBUG=1",
					"$(inherited)",
				);
				INFOPLIST_FILE = "Movie ReviewsTests/Info.plist";
				LD_RUNPATH_SEARCH_PATHS = "$(inherited) @executable_path/Frameworks @loader_path/Frameworks";
				PRODUCT_NAME = "$(TARGET_NAME)";
				TEST_HOST = "$(BUILT_PRODUCTS_DIR)/Movie Reviews.app/Movie Reviews";
			};
			name = Debug;
		};
		4394F7E71B74BD44008D4B35 /* Release */ = {
			isa = XCBuildConfiguration;
			buildSettings = {
				BUNDLE_LOADER = "$(TEST_HOST)";
				FRAMEWORK_SEARCH_PATHS = (
					"$(SDKROOT)/Developer/Library/Frameworks",
					"$(inherited)",
				);
				INFOPLIST_FILE = "Movie ReviewsTests/Info.plist";
				LD_RUNPATH_SEARCH_PATHS = "$(inherited) @executable_path/Frameworks @loader_path/Frameworks";
				PRODUCT_NAME = "$(TARGET_NAME)";
				TEST_HOST = "$(BUILT_PRODUCTS_DIR)/Movie Reviews.app/Movie Reviews";
			};
			name = Release;
		};
/* End XCBuildConfiguration section */

/* Begin XCConfigurationList section */
		4394F7B71B74BD44008D4B35 /* Build configuration list for PBXProject "Movie Reviews" */ = {
			isa = XCConfigurationList;
			buildConfigurations = (
				4394F7E01B74BD44008D4B35 /* Debug */,
				4394F7E11B74BD44008D4B35 /* Release */,
			);
			defaultConfigurationIsVisible = 0;
			defaultConfigurationName = Release;
		};
		4394F7E21B74BD44008D4B35 /* Build configuration list for PBXNativeTarget "Movie Reviews" */ = {
			isa = XCConfigurationList;
			buildConfigurations = (
				4394F7E31B74BD44008D4B35 /* Debug */,
				4394F7E41B74BD44008D4B35 /* Release */,
			);
			defaultConfigurationIsVisible = 0;
			defaultConfigurationName = Release;
		};
		4394F7E51B74BD44008D4B35 /* Build configuration list for PBXNativeTarget "Movie ReviewsTests" */ = {
			isa = XCConfigurationList;
			buildConfigurations = (
				4394F7E61B74BD44008D4B35 /* Debug */,
				4394F7E71B74BD44008D4B35 /* Release */,
			);
			defaultConfigurationIsVisible = 0;
			defaultConfigurationName = Release;
		};
/* End XCConfigurationList section */

/* Begin XCVersionGroup section */
		4394F80E1B74C6D6008D4B35 /* Model.xcdatamodeld */ = {
			isa = XCVersionGroup;
			children = (
				4394F80F1B74C6D6008D4B35 /* Model.xcdatamodel */,
			);
			currentVersion = 4394F80F1B74C6D6008D4B35 /* Model.xcdatamodel */;
			path = Model.xcdatamodeld;
			sourceTree = "<group>";
			versionGroupType = wrapper.xcdatamodel;
		};
/* End XCVersionGroup section */
	};
	rootObject = 4394F7B41B74BD44008D4B35 /* Project object */;
}
