// !$*UTF8*$!
{
	archiveVersion = 1;
	classes = {
	};
	objectVersion = 46;
	objects = {

/* Begin PBXAggregateTarget section */
		43CD7F961B7A1AC300D56E2C /* Documentation */ = {
			isa = PBXAggregateTarget;
			buildConfigurationList = 43CD7F971B7A1AC300D56E2C /* Build configuration list for PBXAggregateTarget "Documentation" */;
			buildPhases = (
				43CD7F9A1B7A1ACE00D56E2C /* ShellScript */,
			);
			dependencies = (
			);
			name = Documentation;
			productName = Documentation;
		};
/* End PBXAggregateTarget section */

/* Begin PBXBuildFile section */
		320EBE8299917BBC16D49AF4 /* libPods-Movie Reviews.a in Frameworks */ = {isa = PBXBuildFile; fileRef = F15EE6641F552F8CB6D0DC91 /* libPods-Movie Reviews.a */; };
		433807411B74D52A00EB9122 /* NSDictionary+Additions.m in Sources */ = {isa = PBXBuildFile; fileRef = 433807401B74D52A00EB9122 /* NSDictionary+Additions.m */; };
		433807441B74D61D00EB9122 /* NSError+Additions.m in Sources */ = {isa = PBXBuildFile; fileRef = 433807431B74D61D00EB9122 /* NSError+Additions.m */; };
		433807521B74E67D00EB9122 /* NYTLink.m in Sources */ = {isa = PBXBuildFile; fileRef = 433807471B74E67D00EB9122 /* NYTLink.m */; };
		433807531B74E67D00EB9122 /* NYTMovieSearch.m in Sources */ = {isa = PBXBuildFile; fileRef = 433807491B74E67D00EB9122 /* NYTMovieSearch.m */; };
		433807541B74E67D00EB9122 /* NYTMultimedia.m in Sources */ = {isa = PBXBuildFile; fileRef = 4338074B1B74E67D00EB9122 /* NYTMultimedia.m */; };
		433807551B74E67D00EB9122 /* NYTRelatedUrls.m in Sources */ = {isa = PBXBuildFile; fileRef = 4338074D1B74E67D00EB9122 /* NYTRelatedUrls.m */; };
		433807561B74E67D00EB9122 /* NYTResource.m in Sources */ = {isa = PBXBuildFile; fileRef = 4338074F1B74E67D00EB9122 /* NYTResource.m */; };
		433807571B74E67D00EB9122 /* NYTResults.m in Sources */ = {isa = PBXBuildFile; fileRef = 433807511B74E67D00EB9122 /* NYTResults.m */; };
		4338075C1B74EE9100EB9122 /* LaunchScreen.xib in Resources */ = {isa = PBXBuildFile; fileRef = 433807581B74EE9100EB9122 /* LaunchScreen.xib */; };
		4338075D1B74EE9100EB9122 /* Main.storyboard in Resources */ = {isa = PBXBuildFile; fileRef = 4338075A1B74EE9100EB9122 /* Main.storyboard */; };
		4338075F1B74EEA200EB9122 /* Images.xcassets in Resources */ = {isa = PBXBuildFile; fileRef = 4338075E1B74EEA200EB9122 /* Images.xcassets */; };
		433807681B75206F00EB9122 /* MovieSearchTableViewController.m in Sources */ = {isa = PBXBuildFile; fileRef = 433807671B75206F00EB9122 /* MovieSearchTableViewController.m */; };
		434B85461B77910C00BE0F14 /* UITableViewCell+Additions.m in Sources */ = {isa = PBXBuildFile; fileRef = 434B85451B77910C00BE0F14 /* UITableViewCell+Additions.m */; };
		438287B81B7567B500EBA58D /* AlertUser.m in Sources */ = {isa = PBXBuildFile; fileRef = 438287B71B7567B500EBA58D /* AlertUser.m */; };
		438287BB1B75682F00EBA58D /* UIView+Additions.m in Sources */ = {isa = PBXBuildFile; fileRef = 438287BA1B75682F00EBA58D /* UIView+Additions.m */; };
		438287BE1B75754400EBA58D /* UITableView+Additions.m in Sources */ = {isa = PBXBuildFile; fileRef = 438287BD1B75754400EBA58D /* UITableView+Additions.m */; };
		438287D11B758FD700EBA58D /* InteractWithAPI.m in Sources */ = {isa = PBXBuildFile; fileRef = 438287CE1B758FD700EBA58D /* InteractWithAPI.m */; };
		438287D21B758FD700EBA58D /* UITableViewCell+APICell.m in Sources */ = {isa = PBXBuildFile; fileRef = 438287D01B758FD700EBA58D /* UITableViewCell+APICell.m */; };
		438CD7A41B78AE6A00F788DE /* MovieOfflineFavouritesTableViewController.m in Sources */ = {isa = PBXBuildFile; fileRef = 438CD7A31B78AE6A00F788DE /* MovieOfflineFavouritesTableViewController.m */; };
		4394F7DF1B74BD44008D4B35 /* Movie_ReviewsTests.m in Sources */ = {isa = PBXBuildFile; fileRef = 4394F7DE1B74BD44008D4B35 /* Movie_ReviewsTests.m */; };
		4394F7EB1B74BFB6008D4B35 /* main.m in Sources */ = {isa = PBXBuildFile; fileRef = 4394F7E91B74BFB6008D4B35 /* main.m */; };
		4394F7FD1B74C02A008D4B35 /* AppDelegate.m in Sources */ = {isa = PBXBuildFile; fileRef = 4394F7FC1B74C02A008D4B35 /* AppDelegate.m */; };
		4394F81A1B74C6D6008D4B35 /* Link.m in Sources */ = {isa = PBXBuildFile; fileRef = 4394F80D1B74C6D6008D4B35 /* Link.m */; };
		4394F81B1B74C6D6008D4B35 /* Model.xcdatamodeld in Sources */ = {isa = PBXBuildFile; fileRef = 4394F80E1B74C6D6008D4B35 /* Model.xcdatamodeld */; };
		4394F81C1B74C6D6008D4B35 /* MovieSearch.m in Sources */ = {isa = PBXBuildFile; fileRef = 4394F8111B74C6D6008D4B35 /* MovieSearch.m */; };
		4394F81D1B74C6D6008D4B35 /* Multimedia.m in Sources */ = {isa = PBXBuildFile; fileRef = 4394F8131B74C6D6008D4B35 /* Multimedia.m */; };
		4394F81E1B74C6D6008D4B35 /* RelatedUrls.m in Sources */ = {isa = PBXBuildFile; fileRef = 4394F8151B74C6D6008D4B35 /* RelatedUrls.m */; };
		4394F81F1B74C6D6008D4B35 /* Resource.m in Sources */ = {isa = PBXBuildFile; fileRef = 4394F8171B74C6D6008D4B35 /* Resource.m */; };
		4394F8201B74C6D6008D4B35 /* Results.m in Sources */ = {isa = PBXBuildFile; fileRef = 4394F8191B74C6D6008D4B35 /* Results.m */; };
		4396F1F01B771BF1000C5A4E /* MovieDetailsTableViewController.m in Sources */ = {isa = PBXBuildFile; fileRef = 4396F1EF1B771BF1000C5A4E /* MovieDetailsTableViewController.m */; };
		4396F1F51B771C82000C5A4E /* MovieDetailsHeaderTableViewCell.m in Sources */ = {isa = PBXBuildFile; fileRef = 4396F1F31B771C82000C5A4E /* MovieDetailsHeaderTableViewCell.m */; };
		4396F1F61B771C82000C5A4E /* MovieDetailsHeaderTableViewCell.xib in Resources */ = {isa = PBXBuildFile; fileRef = 4396F1F41B771C82000C5A4E /* MovieDetailsHeaderTableViewCell.xib */; };
		4396F1FA1B771CB4000C5A4E /* MovieDetailsReviewTableViewCell.m in Sources */ = {isa = PBXBuildFile; fileRef = 4396F1F81B771CB4000C5A4E /* MovieDetailsReviewTableViewCell.m */; };
		4396F1FB1B771CB4000C5A4E /* MovieDetailsReviewTableViewCell.xib in Resources */ = {isa = PBXBuildFile; fileRef = 4396F1F91B771CB4000C5A4E /* MovieDetailsReviewTableViewCell.xib */; };
		4396F1FF1B771D76000C5A4E /* MovieDetailsDescriptionTableViewCell.m in Sources */ = {isa = PBXBuildFile; fileRef = 4396F1FD1B771D76000C5A4E /* MovieDetailsDescriptionTableViewCell.m */; };
		4396F2001B771D76000C5A4E /* MovieDetailsDescriptionTableViewCell.xib in Resources */ = {isa = PBXBuildFile; fileRef = 4396F1FE1B771D76000C5A4E /* MovieDetailsDescriptionTableViewCell.xib */; };
		4396F2091B7756F4000C5A4E /* MovieListTableViewCell.m in Sources */ = {isa = PBXBuildFile; fileRef = 4396F2071B7756F4000C5A4E /* MovieListTableViewCell.m */; };
		4396F20A1B7756F4000C5A4E /* MovieListTableViewCell.xib in Resources */ = {isa = PBXBuildFile; fileRef = 4396F2081B7756F4000C5A4E /* MovieListTableViewCell.xib */; };
		43F1A3761B75EF0000823C3A /* InteractWithModel.m in Sources */ = {isa = PBXBuildFile; fileRef = 43F1A3751B75EF0000823C3A /* InteractWithModel.m */; };
		43FCF1D01B79BC1600DE33EB /* UIDevice+Additions.m in Sources */ = {isa = PBXBuildFile; fileRef = 43FCF1CF1B79BC1600DE33EB /* UIDevice+Additions.m */; };
/* End PBXBuildFile section */

/* Begin PBXContainerItemProxy section */
		4394F7D91B74BD44008D4B35 /* PBXContainerItemProxy */ = {
			isa = PBXContainerItemProxy;
			containerPortal = 4394F7B41B74BD44008D4B35 /* Project object */;
			proxyType = 1;
			remoteGlobalIDString = 4394F7BB1B74BD44008D4B35;
			remoteInfo = "Movie Reviews";
		};
/* End PBXContainerItemProxy section */

/* Begin PBXFileReference section */
		09ED700E6D2FC8436BF01579 /* Pods-Movie Reviews.debug.xcconfig */ = {isa = PBXFileReference; includeInIndex = 1; lastKnownFileType = text.xcconfig; name = "Pods-Movie Reviews.debug.xcconfig"; path = "Pods/Target Support Files/Pods-Movie Reviews/Pods-Movie Reviews.debug.xcconfig"; sourceTree = "<group>"; };
		4338073F1B74D52A00EB9122 /* NSDictionary+Additions.h */ = {isa = PBXFileReference; fileEncoding = 4; lastKnownFileType = sourcecode.c.h; path = "NSDictionary+Additions.h"; sourceTree = "<group>"; };
		433807401B74D52A00EB9122 /* NSDictionary+Additions.m */ = {isa = PBXFileReference; fileEncoding = 4; lastKnownFileType = sourcecode.c.objc; path = "NSDictionary+Additions.m"; sourceTree = "<group>"; };
		433807421B74D61D00EB9122 /* NSError+Additions.h */ = {isa = PBXFileReference; fileEncoding = 4; lastKnownFileType = sourcecode.c.h; path = "NSError+Additions.h"; sourceTree = "<group>"; };
		433807431B74D61D00EB9122 /* NSError+Additions.m */ = {isa = PBXFileReference; fileEncoding = 4; lastKnownFileType = sourcecode.c.objc; path = "NSError+Additions.m"; sourceTree = "<group>"; };
		433807451B74E67D00EB9122 /* DataModels.h */ = {isa = PBXFileReference; fileEncoding = 4; lastKnownFileType = sourcecode.c.h; path = DataModels.h; sourceTree = "<group>"; };
		433807461B74E67D00EB9122 /* NYTLink.h */ = {isa = PBXFileReference; fileEncoding = 4; lastKnownFileType = sourcecode.c.h; path = NYTLink.h; sourceTree = "<group>"; };
		433807471B74E67D00EB9122 /* NYTLink.m */ = {isa = PBXFileReference; fileEncoding = 4; lastKnownFileType = sourcecode.c.objc; path = NYTLink.m; sourceTree = "<group>"; };
		433807481B74E67D00EB9122 /* NYTMovieSearch.h */ = {isa = PBXFileReference; fileEncoding = 4; lastKnownFileType = sourcecode.c.h; path = NYTMovieSearch.h; sourceTree = "<group>"; };
		433807491B74E67D00EB9122 /* NYTMovieSearch.m */ = {isa = PBXFileReference; fileEncoding = 4; lastKnownFileType = sourcecode.c.objc; path = NYTMovieSearch.m; sourceTree = "<group>"; };
		4338074A1B74E67D00EB9122 /* NYTMultimedia.h */ = {isa = PBXFileReference; fileEncoding = 4; lastKnownFileType = sourcecode.c.h; path = NYTMultimedia.h; sourceTree = "<group>"; };
		4338074B1B74E67D00EB9122 /* NYTMultimedia.m */ = {isa = PBXFileReference; fileEncoding = 4; lastKnownFileType = sourcecode.c.objc; path = NYTMultimedia.m; sourceTree = "<group>"; };
		4338074C1B74E67D00EB9122 /* NYTRelatedUrls.h */ = {isa = PBXFileReference; fileEncoding = 4; lastKnownFileType = sourcecode.c.h; path = NYTRelatedUrls.h; sourceTree = "<group>"; };
		4338074D1B74E67D00EB9122 /* NYTRelatedUrls.m */ = {isa = PBXFileReference; fileEncoding = 4; lastKnownFileType = sourcecode.c.objc; path = NYTRelatedUrls.m; sourceTree = "<group>"; };
		4338074E1B74E67D00EB9122 /* NYTResource.h */ = {isa = PBXFileReference; fileEncoding = 4; lastKnownFileType = sourcecode.c.h; path = NYTResource.h; sourceTree = "<group>"; };
		4338074F1B74E67D00EB9122 /* NYTResource.m */ = {isa = PBXFileReference; fileEncoding = 4; lastKnownFileType = sourcecode.c.objc; path = NYTResource.m; sourceTree = "<group>"; };
		433807501B74E67D00EB9122 /* NYTResults.h */ = {isa = PBXFileReference; fileEncoding = 4; lastKnownFileType = sourcecode.c.h; path = NYTResults.h; sourceTree = "<group>"; };
		433807511B74E67D00EB9122 /* NYTResults.m */ = {isa = PBXFileReference; fileEncoding = 4; lastKnownFileType = sourcecode.c.objc; path = NYTResults.m; sourceTree = "<group>"; };
		433807591B74EE9100EB9122 /* Base */ = {isa = PBXFileReference; lastKnownFileType = file.xib; name = Base; path = "Supporting Files/Base.lproj/LaunchScreen.xib"; sourceTree = "<group>"; };
		4338075B1B74EE9100EB9122 /* Base */ = {isa = PBXFileReference; lastKnownFileType = file.storyboard; name = Base; path = "Supporting Files/Base.lproj/Main.storyboard"; sourceTree = "<group>"; };
		4338075E1B74EEA200EB9122 /* Images.xcassets */ = {isa = PBXFileReference; lastKnownFileType = folder.assetcatalog; name = Images.xcassets; path = "Supporting Files/Images.xcassets"; sourceTree = "<group>"; };
		433807661B75206F00EB9122 /* MovieSearchTableViewController.h */ = {isa = PBXFileReference; fileEncoding = 4; lastKnownFileType = sourcecode.c.h; path = MovieSearchTableViewController.h; sourceTree = "<group>"; };
		433807671B75206F00EB9122 /* MovieSearchTableViewController.m */ = {isa = PBXFileReference; fileEncoding = 4; lastKnownFileType = sourcecode.c.objc; path = MovieSearchTableViewController.m; sourceTree = "<group>"; };
		434B85441B77910C00BE0F14 /* UITableViewCell+Additions.h */ = {isa = PBXFileReference; fileEncoding = 4; lastKnownFileType = sourcecode.c.h; path = "UITableViewCell+Additions.h"; sourceTree = "<group>"; };
		434B85451B77910C00BE0F14 /* UITableViewCell+Additions.m */ = {isa = PBXFileReference; fileEncoding = 4; lastKnownFileType = sourcecode.c.objc; path = "UITableViewCell+Additions.m"; sourceTree = "<group>"; };
		438287B61B7567B500EBA58D /* AlertUser.h */ = {isa = PBXFileReference; fileEncoding = 4; lastKnownFileType = sourcecode.c.h; path = AlertUser.h; sourceTree = "<group>"; };
		438287B71B7567B500EBA58D /* AlertUser.m */ = {isa = PBXFileReference; fileEncoding = 4; lastKnownFileType = sourcecode.c.objc; path = AlertUser.m; sourceTree = "<group>"; };
		438287B91B75682F00EBA58D /* UIView+Additions.h */ = {isa = PBXFileReference; fileEncoding = 4; lastKnownFileType = sourcecode.c.h; path = "UIView+Additions.h"; sourceTree = "<group>"; };
		438287BA1B75682F00EBA58D /* UIView+Additions.m */ = {isa = PBXFileReference; fileEncoding = 4; lastKnownFileType = sourcecode.c.objc; path = "UIView+Additions.m"; sourceTree = "<group>"; };
		438287BC1B75754400EBA58D /* UITableView+Additions.h */ = {isa = PBXFileReference; fileEncoding = 4; lastKnownFileType = sourcecode.c.h; path = "UITableView+Additions.h"; sourceTree = "<group>"; };
		438287BD1B75754400EBA58D /* UITableView+Additions.m */ = {isa = PBXFileReference; fileEncoding = 4; lastKnownFileType = sourcecode.c.objc; path = "UITableView+Additions.m"; sourceTree = "<group>"; };
		438287CD1B758FD700EBA58D /* InteractWithAPI.h */ = {isa = PBXFileReference; fileEncoding = 4; lastKnownFileType = sourcecode.c.h; path = InteractWithAPI.h; sourceTree = "<group>"; };
		438287CE1B758FD700EBA58D /* InteractWithAPI.m */ = {isa = PBXFileReference; fileEncoding = 4; lastKnownFileType = sourcecode.c.objc; path = InteractWithAPI.m; sourceTree = "<group>"; };
		438287CF1B758FD700EBA58D /* UITableViewCell+APICell.h */ = {isa = PBXFileReference; fileEncoding = 4; lastKnownFileType = sourcecode.c.h; path = "UITableViewCell+APICell.h"; sourceTree = "<group>"; };
		438287D01B758FD700EBA58D /* UITableViewCell+APICell.m */ = {isa = PBXFileReference; fileEncoding = 4; lastKnownFileType = sourcecode.c.objc; path = "UITableViewCell+APICell.m"; sourceTree = "<group>"; };
		438CD7A21B78AE6A00F788DE /* MovieOfflineFavouritesTableViewController.h */ = {isa = PBXFileReference; fileEncoding = 4; lastKnownFileType = sourcecode.c.h; path = MovieOfflineFavouritesTableViewController.h; sourceTree = "<group>"; };
		438CD7A31B78AE6A00F788DE /* MovieOfflineFavouritesTableViewController.m */ = {isa = PBXFileReference; fileEncoding = 4; lastKnownFileType = sourcecode.c.objc; path = MovieOfflineFavouritesTableViewController.m; sourceTree = "<group>"; };
		4394F7BC1B74BD44008D4B35 /* Movie Reviews.app */ = {isa = PBXFileReference; explicitFileType = wrapper.application; includeInIndex = 0; path = "Movie Reviews.app"; sourceTree = BUILT_PRODUCTS_DIR; };
		4394F7D81B74BD44008D4B35 /* Movie ReviewsTests.xctest */ = {isa = PBXFileReference; explicitFileType = wrapper.cfbundle; includeInIndex = 0; path = "Movie ReviewsTests.xctest"; sourceTree = BUILT_PRODUCTS_DIR; };
		4394F7DD1B74BD44008D4B35 /* Info.plist */ = {isa = PBXFileReference; lastKnownFileType = text.plist.xml; path = Info.plist; sourceTree = "<group>"; };
		4394F7DE1B74BD44008D4B35 /* Movie_ReviewsTests.m */ = {isa = PBXFileReference; lastKnownFileType = sourcecode.c.objc; path = Movie_ReviewsTests.m; sourceTree = "<group>"; };
		4394F7E81B74BFB6008D4B35 /* Info.plist */ = {isa = PBXFileReference; fileEncoding = 4; lastKnownFileType = text.plist.xml; name = Info.plist; path = "Supporting Files/Info.plist"; sourceTree = "<group>"; };
		4394F7E91B74BFB6008D4B35 /* main.m */ = {isa = PBXFileReference; fileEncoding = 4; lastKnownFileType = sourcecode.c.objc; name = main.m; path = "Supporting Files/main.m"; sourceTree = "<group>"; };
		4394F7FB1B74C02A008D4B35 /* AppDelegate.h */ = {isa = PBXFileReference; fileEncoding = 4; lastKnownFileType = sourcecode.c.h; name = AppDelegate.h; path = "Supporting Files/AppDelegate.h"; sourceTree = "<group>"; };
		4394F7FC1B74C02A008D4B35 /* AppDelegate.m */ = {isa = PBXFileReference; fileEncoding = 4; lastKnownFileType = sourcecode.c.objc; name = AppDelegate.m; path = "Supporting Files/AppDelegate.m"; sourceTree = "<group>"; };
		4394F80A1B74C101008D4B35 /* Podfile */ = {isa = PBXFileReference; fileEncoding = 4; lastKnownFileType = text; path = Podfile; sourceTree = SOURCE_ROOT; xcLanguageSpecificationIdentifier = xcode.lang.ruby; };
		4394F80C1B74C6D6008D4B35 /* Link.h */ = {isa = PBXFileReference; fileEncoding = 4; lastKnownFileType = sourcecode.c.h; path = Link.h; sourceTree = "<group>"; };
		4394F80D1B74C6D6008D4B35 /* Link.m */ = {isa = PBXFileReference; fileEncoding = 4; lastKnownFileType = sourcecode.c.objc; path = Link.m; sourceTree = "<group>"; };
		4394F80F1B74C6D6008D4B35 /* Model.xcdatamodel */ = {isa = PBXFileReference; lastKnownFileType = wrapper.xcdatamodel; path = Model.xcdatamodel; sourceTree = "<group>"; };
		4394F8101B74C6D6008D4B35 /* MovieSearch.h */ = {isa = PBXFileReference; fileEncoding = 4; lastKnownFileType = sourcecode.c.h; path = MovieSearch.h; sourceTree = "<group>"; };
		4394F8111B74C6D6008D4B35 /* MovieSearch.m */ = {isa = PBXFileReference; fileEncoding = 4; lastKnownFileType = sourcecode.c.objc; path = MovieSearch.m; sourceTree = "<group>"; };
		4394F8121B74C6D6008D4B35 /* Multimedia.h */ = {isa = PBXFileReference; fileEncoding = 4; lastKnownFileType = sourcecode.c.h; path = Multimedia.h; sourceTree = "<group>"; };
		4394F8131B74C6D6008D4B35 /* Multimedia.m */ = {isa = PBXFileReference; fileEncoding = 4; lastKnownFileType = sourcecode.c.objc; path = Multimedia.m; sourceTree = "<group>"; };
		4394F8141B74C6D6008D4B35 /* RelatedUrls.h */ = {isa = PBXFileReference; fileEncoding = 4; lastKnownFileType = sourcecode.c.h; path = RelatedUrls.h; sourceTree = "<group>"; };
		4394F8151B74C6D6008D4B35 /* RelatedUrls.m */ = {isa = PBXFileReference; fileEncoding = 4; lastKnownFileType = sourcecode.c.objc; path = RelatedUrls.m; sourceTree = "<group>"; };
		4394F8161B74C6D6008D4B35 /* Resource.h */ = {isa = PBXFileReference; fileEncoding = 4; lastKnownFileType = sourcecode.c.h; path = Resource.h; sourceTree = "<group>"; };
		4394F8171B74C6D6008D4B35 /* Resource.m */ = {isa = PBXFileReference; fileEncoding = 4; lastKnownFileType = sourcecode.c.objc; path = Resource.m; sourceTree = "<group>"; };
		4394F8181B74C6D6008D4B35 /* Results.h */ = {isa = PBXFileReference; fileEncoding = 4; lastKnownFileType = sourcecode.c.h; path = Results.h; sourceTree = "<group>"; };
		4394F8191B74C6D6008D4B35 /* Results.m */ = {isa = PBXFileReference; fileEncoding = 4; lastKnownFileType = sourcecode.c.objc; path = Results.m; sourceTree = "<group>"; };
		4396F1EE1B771BF1000C5A4E /* MovieDetailsTableViewController.h */ = {isa = PBXFileReference; fileEncoding = 4; lastKnownFileType = sourcecode.c.h; path = MovieDetailsTableViewController.h; sourceTree = "<group>"; };
		4396F1EF1B771BF1000C5A4E /* MovieDetailsTableViewController.m */ = {isa = PBXFileReference; fileEncoding = 4; lastKnownFileType = sourcecode.c.objc; path = MovieDetailsTableViewController.m; sourceTree = "<group>"; };
		4396F1F21B771C82000C5A4E /* MovieDetailsHeaderTableViewCell.h */ = {isa = PBXFileReference; fileEncoding = 4; lastKnownFileType = sourcecode.c.h; path = MovieDetailsHeaderTableViewCell.h; sourceTree = "<group>"; };
		4396F1F31B771C82000C5A4E /* MovieDetailsHeaderTableViewCell.m */ = {isa = PBXFileReference; fileEncoding = 4; lastKnownFileType = sourcecode.c.objc; path = MovieDetailsHeaderTableViewCell.m; sourceTree = "<group>"; };
		4396F1F41B771C82000C5A4E /* MovieDetailsHeaderTableViewCell.xib */ = {isa = PBXFileReference; fileEncoding = 4; lastKnownFileType = file.xib; path = MovieDetailsHeaderTableViewCell.xib; sourceTree = "<group>"; };
		4396F1F71B771CB4000C5A4E /* MovieDetailsReviewTableViewCell.h */ = {isa = PBXFileReference; fileEncoding = 4; lastKnownFileType = sourcecode.c.h; path = MovieDetailsReviewTableViewCell.h; sourceTree = "<group>"; };
		4396F1F81B771CB4000C5A4E /* MovieDetailsReviewTableViewCell.m */ = {isa = PBXFileReference; fileEncoding = 4; lastKnownFileType = sourcecode.c.objc; path = MovieDetailsReviewTableViewCell.m; sourceTree = "<group>"; };
		4396F1F91B771CB4000C5A4E /* MovieDetailsReviewTableViewCell.xib */ = {isa = PBXFileReference; fileEncoding = 4; lastKnownFileType = file.xib; path = MovieDetailsReviewTableViewCell.xib; sourceTree = "<group>"; };
		4396F1FC1B771D76000C5A4E /* MovieDetailsDescriptionTableViewCell.h */ = {isa = PBXFileReference; fileEncoding = 4; lastKnownFileType = sourcecode.c.h; path = MovieDetailsDescriptionTableViewCell.h; sourceTree = "<group>"; };
		4396F1FD1B771D76000C5A4E /* MovieDetailsDescriptionTableViewCell.m */ = {isa = PBXFileReference; fileEncoding = 4; lastKnownFileType = sourcecode.c.objc; path = MovieDetailsDescriptionTableViewCell.m; sourceTree = "<group>"; };
		4396F1FE1B771D76000C5A4E /* MovieDetailsDescriptionTableViewCell.xib */ = {isa = PBXFileReference; fileEncoding = 4; lastKnownFileType = file.xib; path = MovieDetailsDescriptionTableViewCell.xib; sourceTree = "<group>"; };
		4396F2061B7756F4000C5A4E /* MovieListTableViewCell.h */ = {isa = PBXFileReference; fileEncoding = 4; lastKnownFileType = sourcecode.c.h; path = MovieListTableViewCell.h; sourceTree = "<group>"; };
		4396F2071B7756F4000C5A4E /* MovieListTableViewCell.m */ = {isa = PBXFileReference; fileEncoding = 4; lastKnownFileType = sourcecode.c.objc; path = MovieListTableViewCell.m; sourceTree = "<group>"; };
		4396F2081B7756F4000C5A4E /* MovieListTableViewCell.xib */ = {isa = PBXFileReference; fileEncoding = 4; lastKnownFileType = file.xib; path = MovieListTableViewCell.xib; sourceTree = "<group>"; };
		43F1A3741B75EF0000823C3A /* InteractWithModel.h */ = {isa = PBXFileReference; fileEncoding = 4; lastKnownFileType = sourcecode.c.h; path = InteractWithModel.h; sourceTree = "<group>"; };
		43F1A3751B75EF0000823C3A /* InteractWithModel.m */ = {isa = PBXFileReference; fileEncoding = 4; lastKnownFileType = sourcecode.c.objc; path = InteractWithModel.m; sourceTree = "<group>"; };
		43FCF1CE1B79BC1600DE33EB /* UIDevice+Additions.h */ = {isa = PBXFileReference; fileEncoding = 4; lastKnownFileType = sourcecode.c.h; path = "UIDevice+Additions.h"; sourceTree = "<group>"; };
		43FCF1CF1B79BC1600DE33EB /* UIDevice+Additions.m */ = {isa = PBXFileReference; fileEncoding = 4; lastKnownFileType = sourcecode.c.objc; path = "UIDevice+Additions.m"; sourceTree = "<group>"; };
		A309AFB8B24D5230AF27604A /* Pods-Movie Reviews.release.xcconfig */ = {isa = PBXFileReference; includeInIndex = 1; lastKnownFileType = text.xcconfig; name = "Pods-Movie Reviews.release.xcconfig"; path = "Pods/Target Support Files/Pods-Movie Reviews/Pods-Movie Reviews.release.xcconfig"; sourceTree = "<group>"; };
		F15EE6641F552F8CB6D0DC91 /* libPods-Movie Reviews.a */ = {isa = PBXFileReference; explicitFileType = archive.ar; includeInIndex = 0; path = "libPods-Movie Reviews.a"; sourceTree = BUILT_PRODUCTS_DIR; };
/* End PBXFileReference section */

/* Begin PBXFrameworksBuildPhase section */
		4394F7B91B74BD44008D4B35 /* Frameworks */ = {
			isa = PBXFrameworksBuildPhase;
			buildActionMask = 2147483647;
			files = (
				320EBE8299917BBC16D49AF4 /* libPods-Movie Reviews.a in Frameworks */,
			);
			runOnlyForDeploymentPostprocessing = 0;
		};
		4394F7D51B74BD44008D4B35 /* Frameworks */ = {
			isa = PBXFrameworksBuildPhase;
			buildActionMask = 2147483647;
			files = (
			);
			runOnlyForDeploymentPostprocessing = 0;
		};
/* End PBXFrameworksBuildPhase section */

/* Begin PBXGroup section */
		438287CC1B758FD700EBA58D /* API Interaction */ = {
			isa = PBXGroup;
			children = (
				438287CD1B758FD700EBA58D /* InteractWithAPI.h */,
				438287CE1B758FD700EBA58D /* InteractWithAPI.m */,
				438287CF1B758FD700EBA58D /* UITableViewCell+APICell.h */,
				438287D01B758FD700EBA58D /* UITableViewCell+APICell.m */,
				43F1A3741B75EF0000823C3A /* InteractWithModel.h */,
				43F1A3751B75EF0000823C3A /* InteractWithModel.m */,
			);
			path = "API Interaction";
			sourceTree = "<group>";
		};
		4394F7B31B74BD44008D4B35 = {
			isa = PBXGroup;
			children = (
				4394F7BE1B74BD44008D4B35 /* Movie Reviews */,
				4394F7DB1B74BD44008D4B35 /* Movie ReviewsTests */,
				4394F7BD1B74BD44008D4B35 /* Products */,
				9806C9CEC01A221A11BD255D /* Pods */,
				8895E8E990AD9C3877D7629C /* Frameworks */,
			);
			sourceTree = "<group>";
		};
		4394F7BD1B74BD44008D4B35 /* Products */ = {
			isa = PBXGroup;
			children = (
				4394F7BC1B74BD44008D4B35 /* Movie Reviews.app */,
				4394F7D81B74BD44008D4B35 /* Movie ReviewsTests.xctest */,
			);
			name = Products;
			sourceTree = "<group>";
		};
		4394F7BE1B74BD44008D4B35 /* Movie Reviews */ = {
			isa = PBXGroup;
			children = (
				4394F80A1B74C101008D4B35 /* Podfile */,
				4394F8031B74C03D008D4B35 /* Model */,
				4394F8051B74C03D008D4B35 /* Views */,
				4394F7FE1B74C03D008D4B35 /* Controllers */,
				4394F8081B74C0A6008D4B35 /* Helper Classes */,
				4394F7BF1B74BD44008D4B35 /* Supporting Files */,
			);
			path = "Movie Reviews";
			sourceTree = "<group>";
		};
		4394F7BF1B74BD44008D4B35 /* Supporting Files */ = {
			isa = PBXGroup;
			children = (
				4338075E1B74EEA200EB9122 /* Images.xcassets */,
				433807581B74EE9100EB9122 /* LaunchScreen.xib */,
				4338075A1B74EE9100EB9122 /* Main.storyboard */,
				4394F7FB1B74C02A008D4B35 /* AppDelegate.h */,
				4394F7FC1B74C02A008D4B35 /* AppDelegate.m */,
				4394F7E81B74BFB6008D4B35 /* Info.plist */,
				4394F7E91B74BFB6008D4B35 /* main.m */,
			);
			name = "Supporting Files";
			sourceTree = "<group>";
		};
		4394F7DB1B74BD44008D4B35 /* Movie ReviewsTests */ = {
			isa = PBXGroup;
			children = (
				4394F7DE1B74BD44008D4B35 /* Movie_ReviewsTests.m */,
				4394F7DC1B74BD44008D4B35 /* Supporting Files */,
			);
			path = "Movie ReviewsTests";
			sourceTree = "<group>";
		};
		4394F7DC1B74BD44008D4B35 /* Supporting Files */ = {
			isa = PBXGroup;
			children = (
				4394F7DD1B74BD44008D4B35 /* Info.plist */,
			);
			name = "Supporting Files";
			sourceTree = "<group>";
		};
		4394F7FE1B74C03D008D4B35 /* Controllers */ = {
			isa = PBXGroup;
			children = (
				433807661B75206F00EB9122 /* MovieSearchTableViewController.h */,
				433807671B75206F00EB9122 /* MovieSearchTableViewController.m */,
				4396F1EE1B771BF1000C5A4E /* MovieDetailsTableViewController.h */,
				4396F1EF1B771BF1000C5A4E /* MovieDetailsTableViewController.m */,
				438CD7A21B78AE6A00F788DE /* MovieOfflineFavouritesTableViewController.h */,
				438CD7A31B78AE6A00F788DE /* MovieOfflineFavouritesTableViewController.m */,
			);
			path = Controllers;
			sourceTree = "<group>";
		};
		4394F8031B74C03D008D4B35 /* Model */ = {
			isa = PBXGroup;
			children = (
				438287CC1B758FD700EBA58D /* API Interaction */,
				4394F8041B74C03D008D4B35 /* API Model */,
			);
			path = Model;
			sourceTree = "<group>";
		};
		4394F8041B74C03D008D4B35 /* API Model */ = {
			isa = PBXGroup;
			children = (
				433807451B74E67D00EB9122 /* DataModels.h */,
				4394F80C1B74C6D6008D4B35 /* Link.h */,
				4394F80D1B74C6D6008D4B35 /* Link.m */,
				4394F80E1B74C6D6008D4B35 /* Model.xcdatamodeld */,
				4394F8101B74C6D6008D4B35 /* MovieSearch.h */,
				4394F8111B74C6D6008D4B35 /* MovieSearch.m */,
				4394F8121B74C6D6008D4B35 /* Multimedia.h */,
				4394F8131B74C6D6008D4B35 /* Multimedia.m */,
				433807461B74E67D00EB9122 /* NYTLink.h */,
				433807471B74E67D00EB9122 /* NYTLink.m */,
				433807481B74E67D00EB9122 /* NYTMovieSearch.h */,
				433807491B74E67D00EB9122 /* NYTMovieSearch.m */,
				4338074A1B74E67D00EB9122 /* NYTMultimedia.h */,
				4338074B1B74E67D00EB9122 /* NYTMultimedia.m */,
				4338074C1B74E67D00EB9122 /* NYTRelatedUrls.h */,
				4338074D1B74E67D00EB9122 /* NYTRelatedUrls.m */,
				4338074E1B74E67D00EB9122 /* NYTResource.h */,
				4338074F1B74E67D00EB9122 /* NYTResource.m */,
				433807501B74E67D00EB9122 /* NYTResults.h */,
				433807511B74E67D00EB9122 /* NYTResults.m */,
				4394F8141B74C6D6008D4B35 /* RelatedUrls.h */,
				4394F8151B74C6D6008D4B35 /* RelatedUrls.m */,
				4394F8161B74C6D6008D4B35 /* Resource.h */,
				4394F8171B74C6D6008D4B35 /* Resource.m */,
				4394F8181B74C6D6008D4B35 /* Results.h */,
				4394F8191B74C6D6008D4B35 /* Results.m */,
			);
			path = "API Model";
			sourceTree = "<group>";
		};
		4394F8051B74C03D008D4B35 /* Views */ = {
			isa = PBXGroup;
			children = (
				4396F1F11B771C3E000C5A4E /* TableViewCells */,
			);
			path = Views;
			sourceTree = "<group>";
		};
		4394F8081B74C0A6008D4B35 /* Helper Classes */ = {
			isa = PBXGroup;
			children = (
				4394F8091B74C0A6008D4B35 /* Categories */,
				438287B61B7567B500EBA58D /* AlertUser.h */,
				438287B71B7567B500EBA58D /* AlertUser.m */,
			);
			name = "Helper Classes";
			path = "Movie Reviews/Helper Classes";
			sourceTree = SOURCE_ROOT;
		};
		4394F8091B74C0A6008D4B35 /* Categories */ = {
			isa = PBXGroup;
			children = (
				4338073F1B74D52A00EB9122 /* NSDictionary+Additions.h */,
				433807401B74D52A00EB9122 /* NSDictionary+Additions.m */,
				433807421B74D61D00EB9122 /* NSError+Additions.h */,
				433807431B74D61D00EB9122 /* NSError+Additions.m */,
				438287B91B75682F00EBA58D /* UIView+Additions.h */,
				438287BA1B75682F00EBA58D /* UIView+Additions.m */,
				438287BC1B75754400EBA58D /* UITableView+Additions.h */,
				438287BD1B75754400EBA58D /* UITableView+Additions.m */,
				434B85441B77910C00BE0F14 /* UITableViewCell+Additions.h */,
				434B85451B77910C00BE0F14 /* UITableViewCell+Additions.m */,
				43FCF1CE1B79BC1600DE33EB /* UIDevice+Additions.h */,
				43FCF1CF1B79BC1600DE33EB /* UIDevice+Additions.m */,
			);
			path = Categories;
			sourceTree = "<group>";
		};
		4396F1F11B771C3E000C5A4E /* TableViewCells */ = {
			isa = PBXGroup;
			children = (
				4396F1F21B771C82000C5A4E /* MovieDetailsHeaderTableViewCell.h */,
				4396F1F31B771C82000C5A4E /* MovieDetailsHeaderTableViewCell.m */,
				4396F1F41B771C82000C5A4E /* MovieDetailsHeaderTableViewCell.xib */,
				4396F1F71B771CB4000C5A4E /* MovieDetailsReviewTableViewCell.h */,
				4396F1F81B771CB4000C5A4E /* MovieDetailsReviewTableViewCell.m */,
				4396F1F91B771CB4000C5A4E /* MovieDetailsReviewTableViewCell.xib */,
				4396F1FC1B771D76000C5A4E /* MovieDetailsDescriptionTableViewCell.h */,
				4396F1FD1B771D76000C5A4E /* MovieDetailsDescriptionTableViewCell.m */,
				4396F1FE1B771D76000C5A4E /* MovieDetailsDescriptionTableViewCell.xib */,
				4396F2061B7756F4000C5A4E /* MovieListTableViewCell.h */,
				4396F2071B7756F4000C5A4E /* MovieListTableViewCell.m */,
				4396F2081B7756F4000C5A4E /* MovieListTableViewCell.xib */,
			);
			path = TableViewCells;
			sourceTree = "<group>";
		};
		8895E8E990AD9C3877D7629C /* Frameworks */ = {
			isa = PBXGroup;
			children = (
				F15EE6641F552F8CB6D0DC91 /* libPods-Movie Reviews.a */,
			);
			name = Frameworks;
			sourceTree = "<group>";
		};
		9806C9CEC01A221A11BD255D /* Pods */ = {
			isa = PBXGroup;
			children = (
				09ED700E6D2FC8436BF01579 /* Pods-Movie Reviews.debug.xcconfig */,
				A309AFB8B24D5230AF27604A /* Pods-Movie Reviews.release.xcconfig */,
			);
			name = Pods;
			sourceTree = "<group>";
		};
/* End PBXGroup section */

/* Begin PBXNativeTarget section */
		4394F7BB1B74BD44008D4B35 /* Movie Reviews */ = {
			isa = PBXNativeTarget;
			buildConfigurationList = 4394F7E21B74BD44008D4B35 /* Build configuration list for PBXNativeTarget "Movie Reviews" */;
			buildPhases = (
				4DC0F894F9AB5B83E9F5F3FF /* Check Pods Manifest.lock */,
				4394F7B81B74BD44008D4B35 /* Sources */,
				4394F7B91B74BD44008D4B35 /* Frameworks */,
				4394F7BA1B74BD44008D4B35 /* Resources */,
				BB5E84B8D01FC0D150D28C0C /* Copy Pods Resources */,
			);
			buildRules = (
			);
			dependencies = (
			);
			name = "Movie Reviews";
			productName = "Movie Reviews";
			productReference = 4394F7BC1B74BD44008D4B35 /* Movie Reviews.app */;
			productType = "com.apple.product-type.application";
		};
		4394F7D71B74BD44008D4B35 /* Movie ReviewsTests */ = {
			isa = PBXNativeTarget;
			buildConfigurationList = 4394F7E51B74BD44008D4B35 /* Build configuration list for PBXNativeTarget "Movie ReviewsTests" */;
			buildPhases = (
				4394F7D41B74BD44008D4B35 /* Sources */,
				4394F7D51B74BD44008D4B35 /* Frameworks */,
				4394F7D61B74BD44008D4B35 /* Resources */,
			);
			buildRules = (
			);
			dependencies = (
				4394F7DA1B74BD44008D4B35 /* PBXTargetDependency */,
			);
			name = "Movie ReviewsTests";
			productName = "Movie ReviewsTests";
			productReference = 4394F7D81B74BD44008D4B35 /* Movie ReviewsTests.xctest */;
			productType = "com.apple.product-type.bundle.unit-test";
		};
/* End PBXNativeTarget section */

/* Begin PBXProject section */
		4394F7B41B74BD44008D4B35 /* Project object */ = {
			isa = PBXProject;
			attributes = {
				LastUpgradeCheck = 0640;
				ORGANIZATIONNAME = "testCompany Development";
				TargetAttributes = {
					4394F7BB1B74BD44008D4B35 = {
						CreatedOnToolsVersion = 6.4;
					};
					4394F7D71B74BD44008D4B35 = {
						CreatedOnToolsVersion = 6.4;
						TestTargetID = 4394F7BB1B74BD44008D4B35;
					};
					43CD7F961B7A1AC300D56E2C = {
						CreatedOnToolsVersion = 6.4;
					};
				};
			};
			buildConfigurationList = 4394F7B71B74BD44008D4B35 /* Build configuration list for PBXProject "Movie Reviews" */;
			compatibilityVersion = "Xcode 3.2";
			developmentRegion = English;
			hasScannedForEncodings = 0;
			knownRegions = (
				en,
				Base,
			);
			mainGroup = 4394F7B31B74BD44008D4B35;
			productRefGroup = 4394F7BD1B74BD44008D4B35 /* Products */;
			projectDirPath = "";
			projectRoot = "";
			targets = (
				4394F7BB1B74BD44008D4B35 /* Movie Reviews */,
				4394F7D71B74BD44008D4B35 /* Movie ReviewsTests */,
				43CD7F961B7A1AC300D56E2C /* Documentation */,
			);
		};
/* End PBXProject section */

/* Begin PBXResourcesBuildPhase section */
		4394F7BA1B74BD44008D4B35 /* Resources */ = {
			isa = PBXResourcesBuildPhase;
			buildActionMask = 2147483647;
			files = (
				4338075F1B74EEA200EB9122 /* Images.xcassets in Resources */,
				4338075C1B74EE9100EB9122 /* LaunchScreen.xib in Resources */,
				4396F20A1B7756F4000C5A4E /* MovieListTableViewCell.xib in Resources */,
				4396F1F61B771C82000C5A4E /* MovieDetailsHeaderTableViewCell.xib in Resources */,
				4338075D1B74EE9100EB9122 /* Main.storyboard in Resources */,
				4396F2001B771D76000C5A4E /* MovieDetailsDescriptionTableViewCell.xib in Resources */,
				4396F1FB1B771CB4000C5A4E /* MovieDetailsReviewTableViewCell.xib in Resources */,
			);
			runOnlyForDeploymentPostprocessing = 0;
		};
		4394F7D61B74BD44008D4B35 /* Resources */ = {
			isa = PBXResourcesBuildPhase;
			buildActionMask = 2147483647;
			files = (
			);
			runOnlyForDeploymentPostprocessing = 0;
		};
/* End PBXResourcesBuildPhase section */

/* Begin PBXShellScriptBuildPhase section */
		43CD7F9A1B7A1ACE00D56E2C /* ShellScript */ = {
			isa = PBXShellScriptBuildPhase;
			buildActionMask = 2147483647;
			files = (
			);
			inputPaths = (
			);
			outputPaths = (
			);
			runOnlyForDeploymentPostprocessing = 0;
			shellPath = /bin/sh;
			shellScript = "#appledoc Xcode script\n# Start constants\ncompany=\"Christos_Christodoulou\";\ncompanyID=\"com.testCompany\";\ncompanyURL=\"http://www.linkedin.com/pub/christos-christodoulou/52/185/b0\";\ntarget=\"iphoneos\";\n#target=\"macosx\";\noutputPath=\"Documentation\";\n# End constants\n/usr/local/bin/appledoc \\\n--ignore \"Pods\" \\\n--project-name \"${PROJECT_NAME}\" \\\n--project-company \"${company}\" \\\n--company-id \"${companyID}\" \\\n--docset-atom-filename \"${company}.atom\" \\\n--docset-feed-url \"${companyURL}/${company}/%DOCSETATOMFILENAME\" \\\n--docset-package-url \"${companyURL}/${company}/%DOCSETPACKAGEFILENAME\" \\\n--docset-fallback-url \"${companyURL}/${company}\" \\\n--output \"${outputPath}\" \\\n--publish-docset \\\n--docset-platform-family \"${target}\" \\\n--logformat xcode \\\n--keep-intermediate-files \\\n--no-warn-invalid-crossref \\\n--exit-threshold 0 \\\n\"${PROJECT_DIR}\"";
		};
		4DC0F894F9AB5B83E9F5F3FF /* Check Pods Manifest.lock */ = {
			isa = PBXShellScriptBuildPhase;
			buildActionMask = 2147483647;
			files = (
			);
			inputPaths = (
			);
			name = "Check Pods Manifest.lock";
			outputPaths = (
			);
			runOnlyForDeploymentPostprocessing = 0;
			shellPath = /bin/sh;
			shellScript = "diff \"${PODS_ROOT}/../Podfile.lock\" \"${PODS_ROOT}/Manifest.lock\" > /dev/null\nif [[ $? != 0 ]] ; then\n    cat << EOM\nerror: The sandbox is not in sync with the Podfile.lock. Run 'pod install' or update your CocoaPods installation.\nEOM\n    exit 1\nfi\n";
			showEnvVarsInLog = 0;
		};
		BB5E84B8D01FC0D150D28C0C /* Copy Pods Resources */ = {
			isa = PBXShellScriptBuildPhase;
			buildActionMask = 2147483647;
			files = (
			);
			inputPaths = (
			);
			name = "Copy Pods Resources";
			outputPaths = (
			);
			runOnlyForDeploymentPostprocessing = 0;
			shellPath = /bin/sh;
			shellScript = "\"${SRCROOT}/Pods/Target Support Files/Pods-Movie Reviews/Pods-Movie Reviews-resources.sh\"\n";
			showEnvVarsInLog = 0;
		};
/* End PBXShellScriptBuildPhase section */

/* Begin PBXSourcesBuildPhase section */
		4394F7B81B74BD44008D4B35 /* Sources */ = {
			isa = PBXSourcesBuildPhase;
			buildActionMask = 2147483647;
			files = (
				438287D11B758FD700EBA58D /* InteractWithAPI.m in Sources */,
				433807541B74E67D00EB9122 /* NYTMultimedia.m in Sources */,
				4396F1F01B771BF1000C5A4E /* MovieDetailsTableViewController.m in Sources */,
				433807411B74D52A00EB9122 /* NSDictionary+Additions.m in Sources */,
				4394F81C1B74C6D6008D4B35 /* MovieSearch.m in Sources */,
				433807551B74E67D00EB9122 /* NYTRelatedUrls.m in Sources */,
				4394F81A1B74C6D6008D4B35 /* Link.m in Sources */,
				43FCF1D01B79BC1600DE33EB /* UIDevice+Additions.m in Sources */,
				4394F81D1B74C6D6008D4B35 /* Multimedia.m in Sources */,
				438CD7A41B78AE6A00F788DE /* MovieOfflineFavouritesTableViewController.m in Sources */,
				4396F2091B7756F4000C5A4E /* MovieListTableViewCell.m in Sources */,
				434B85461B77910C00BE0F14 /* UITableViewCell+Additions.m in Sources */,
				4394F81E1B74C6D6008D4B35 /* RelatedUrls.m in Sources */,
				4396F1FA1B771CB4000C5A4E /* MovieDetailsReviewTableViewCell.m in Sources */,
				4396F1FF1B771D76000C5A4E /* MovieDetailsDescriptionTableViewCell.m in Sources */,
				433807571B74E67D00EB9122 /* NYTResults.m in Sources */,
				438287D21B758FD700EBA58D /* UITableViewCell+APICell.m in Sources */,
				4394F7EB1B74BFB6008D4B35 /* main.m in Sources */,
				4394F8201B74C6D6008D4B35 /* Results.m in Sources */,
				4394F81F1B74C6D6008D4B35 /* Resource.m in Sources */,
				4394F7FD1B74C02A008D4B35 /* AppDelegate.m in Sources */,
				438287BB1B75682F00EBA58D /* UIView+Additions.m in Sources */,
				433807441B74D61D00EB9122 /* NSError+Additions.m in Sources */,
				4394F81B1B74C6D6008D4B35 /* Model.xcdatamodeld in Sources */,
				438287BE1B75754400EBA58D /* UITableView+Additions.m in Sources */,
				433807531B74E67D00EB9122 /* NYTMovieSearch.m in Sources */,
				433807521B74E67D00EB9122 /* NYTLink.m in Sources */,
				438287B81B7567B500EBA58D /* AlertUser.m in Sources */,
				43F1A3761B75EF0000823C3A /* InteractWithModel.m in Sources */,
				433807681B75206F00EB9122 /* MovieSearchTableViewController.m in Sources */,
				4396F1F51B771C82000C5A4E /* MovieDetailsHeaderTableViewCell.m in Sources */,
				433807561B74E67D00EB9122 /* NYTResource.m in Sources */,
			);
			runOnlyForDeploymentPostprocessing = 0;
		};
		4394F7D41B74BD44008D4B35 /* Sources */ = {
			isa = PBXSourcesBuildPhase;
			buildActionMask = 2147483647;
			files = (
				4394F7DF1B74BD44008D4B35 /* Movie_ReviewsTests.m in Sources */,
			);
			runOnlyForDeploymentPostprocessing = 0;
		};
/* End PBXSourcesBuildPhase section */

/* Begin PBXTargetDependency section */
		4394F7DA1B74BD44008D4B35 /* PBXTargetDependency */ = {
			isa = PBXTargetDependency;
			target = 4394F7BB1B74BD44008D4B35 /* Movie Reviews */;
			targetProxy = 4394F7D91B74BD44008D4B35 /* PBXContainerItemProxy */;
		};
/* End PBXTargetDependency section */

/* Begin PBXVariantGroup section */
		433807581B74EE9100EB9122 /* LaunchScreen.xib */ = {
			isa = PBXVariantGroup;
			children = (
				433807591B74EE9100EB9122 /* Base */,
			);
			name = LaunchScreen.xib;
			sourceTree = "<group>";
		};
		4338075A1B74EE9100EB9122 /* Main.storyboard */ = {
			isa = PBXVariantGroup;
			children = (
				4338075B1B74EE9100EB9122 /* Base */,
			);
			name = Main.storyboard;
			sourceTree = "<group>";
		};
/* End PBXVariantGroup section */

/* Begin XCBuildConfiguration section */
		4394F7E01B74BD44008D4B35 /* Debug */ = {
			isa = XCBuildConfiguration;
			buildSettings = {
				ALWAYS_SEARCH_USER_PATHS = NO;
				CLANG_CXX_LANGUAGE_STANDARD = "gnu++0x";
				CLANG_CXX_LIBRARY = "libc++";
				CLANG_ENABLE_MODULES = YES;
				CLANG_ENABLE_OBJC_ARC = YES;
				CLANG_WARN_BOOL_CONVERSION = YES;
				CLANG_WARN_CONSTANT_CONVERSION = YES;
				CLANG_WARN_DIRECT_OBJC_ISA_USAGE = YES_ERROR;
				CLANG_WARN_EMPTY_BODY = YES;
				CLANG_WARN_ENUM_CONVERSION = YES;
				CLANG_WARN_INT_CONVERSION = YES;
				CLANG_WARN_OBJC_ROOT_CLASS = YES_ERROR;
				CLANG_WARN_UNREACHABLE_CODE = YES;
				CLANG_WARN__DUPLICATE_METHOD_MATCH = YES;
				"CODE_SIGN_IDENTITY[sdk=iphoneos*]" = "iPhone Developer";
				COPY_PHASE_STRIP = NO;
				DEBUG_INFORMATION_FORMAT = "dwarf-with-dsym";
				ENABLE_STRICT_OBJC_MSGSEND = YES;
				GCC_C_LANGUAGE_STANDARD = gnu99;
				GCC_DYNAMIC_NO_PIC = NO;
				GCC_NO_COMMON_BLOCKS = YES;
				GCC_OPTIMIZATION_LEVEL = 0;
				GCC_PREPROCESSOR_DEFINITIONS = (
					"DEBUG=1",
					"$(inherited)",
				);
				GCC_SYMBOLS_PRIVATE_EXTERN = NO;
				GCC_WARN_64_TO_32_BIT_CONVERSION = YES;
				GCC_WARN_ABOUT_RETURN_TYPE = YES_ERROR;
				GCC_WARN_UNDECLARED_SELECTOR = YES;
				GCC_WARN_UNINITIALIZED_AUTOS = YES_AGGRESSIVE;
				GCC_WARN_UNUSED_FUNCTION = YES;
				GCC_WARN_UNUSED_VARIABLE = YES;
				IPHONEOS_DEPLOYMENT_TARGET = 8.4;
				MTL_ENABLE_DEBUG_INFO = YES;
				ONLY_ACTIVE_ARCH = YES;
				SDKROOT = iphoneos;
				TARGETED_DEVICE_FAMILY = "1,2";
			};
			name = Debug;
		};
		4394F7E11B74BD44008D4B35 /* Release */ = {
			isa = XCBuildConfiguration;
			buildSettings = {
				ALWAYS_SEARCH_USER_PATHS = NO;
				CLANG_CXX_LANGUAGE_STANDARD = "gnu++0x";
				CLANG_CXX_LIBRARY = "libc++";
				CLANG_ENABLE_MODULES = YES;
				CLANG_ENABLE_OBJC_ARC = YES;
				CLANG_WARN_BOOL_CONVERSION = YES;
				CLANG_WARN_CONSTANT_CONVERSION = YES;
				CLANG_WARN_DIRECT_OBJC_ISA_USAGE = YES_ERROR;
				CLANG_WARN_EMPTY_BODY = YES;
				CLANG_WARN_ENUM_CONVERSION = YES;
				CLANG_WARN_INT_CONVERSION = YES;
				CLANG_WARN_OBJC_ROOT_CLASS = YES_ERROR;
				CLANG_WARN_UNREACHABLE_CODE = YES;
				CLANG_WARN__DUPLICATE_METHOD_MATCH = YES;
				"CODE_SIGN_IDENTITY[sdk=iphoneos*]" = "iPhone Developer";
				COPY_PHASE_STRIP = NO;
				DEBUG_INFORMATION_FORMAT = "dwarf-with-dsym";
				ENABLE_NS_ASSERTIONS = NO;
				ENABLE_STRICT_OBJC_MSGSEND = YES;
				GCC_C_LANGUAGE_STANDARD = gnu99;
				GCC_NO_COMMON_BLOCKS = YES;
				GCC_WARN_64_TO_32_BIT_CONVERSION = YES;
				GCC_WARN_ABOUT_RETURN_TYPE = YES_ERROR;
				GCC_WARN_UNDECLARED_SELECTOR = YES;
				GCC_WARN_UNINITIALIZED_AUTOS = YES_AGGRESSIVE;
				GCC_WARN_UNUSED_FUNCTION = YES;
				GCC_WARN_UNUSED_VARIABLE = YES;
				IPHONEOS_DEPLOYMENT_TARGET = 8.4;
				MTL_ENABLE_DEBUG_INFO = NO;
				SDKROOT = iphoneos;
				TARGETED_DEVICE_FAMILY = "1,2";
				VALIDATE_PRODUCT = YES;
			};
			name = Release;
		};
		4394F7E31B74BD44008D4B35 /* Debug */ = {
			isa = XCBuildConfiguration;
			baseConfigurationReference = 09ED700E6D2FC8436BF01579 /* Pods-Movie Reviews.debug.xcconfig */;
			buildSettings = {
				ASSETCATALOG_COMPILER_APPICON_NAME = AppIcon;
				ASSETCATALOG_COMPILER_LAUNCHIMAGE_NAME = LaunchImage;
				CODE_SIGN_IDENTITY = "iPhone Developer";
				INFOPLIST_FILE = "$(SRCROOT)/Movie Reviews/Supporting Files/Info.plist";
				IPHONEOS_DEPLOYMENT_TARGET = 7.0;
				LD_RUNPATH_SEARCH_PATHS = "$(inherited) @executable_path/Frameworks";
				PRODUCT_NAME = "$(TARGET_NAME)";
			};
			name = Debug;
		};
		4394F7E41B74BD44008D4B35 /* Release */ = {
			isa = XCBuildConfiguration;
			baseConfigurationReference = A309AFB8B24D5230AF27604A /* Pods-Movie Reviews.release.xcconfig */;
			buildSettings = {
				ASSETCATALOG_COMPILER_APPICON_NAME = AppIcon;
				ASSETCATALOG_COMPILER_LAUNCHIMAGE_NAME = LaunchImage;
				CODE_SIGN_IDENTITY = "iPhone Developer";
				INFOPLIST_FILE = "$(SRCROOT)/Movie Reviews/Supporting Files/Info.plist";
				IPHONEOS_DEPLOYMENT_TARGET = 7.0;
				LD_RUNPATH_SEARCH_PATHS = "$(inherited) @executable_path/Frameworks";
				PRODUCT_NAME = "$(TARGET_NAME)";
			};
			name = Release;
		};
		4394F7E61B74BD44008D4B35 /* Debug */ = {
			isa = XCBuildConfiguration;
			buildSettings = {
				BUNDLE_LOADER = "$(TEST_HOST)";
				FRAMEWORK_SEARCH_PATHS = (
					"$(SDKROOT)/Developer/Library/Frameworks",
					"$(inherited)",
				);
				GCC_PREPROCESSOR_DEFINITIONS = (
					"DEBUG=1",
					"$(inherited)",
				);
				INFOPLIST_FILE = "Movie ReviewsTests/Info.plist";
				LD_RUNPATH_SEARCH_PATHS = "$(inherited) @executable_path/Frameworks @loader_path/Frameworks";
				PRODUCT_NAME = "$(TARGET_NAME)";
				TEST_HOST = "$(BUILT_PRODUCTS_DIR)/Movie Reviews.app/Movie Reviews";
			};
			name = Debug;
		};
		4394F7E71B74BD44008D4B35 /* Release */ = {
			isa = XCBuildConfiguration;
			buildSettings = {
				BUNDLE_LOADER = "$(TEST_HOST)";
				FRAMEWORK_SEARCH_PATHS = (
					"$(SDKROOT)/Developer/Library/Frameworks",
					"$(inherited)",
				);
				INFOPLIST_FILE = "Movie ReviewsTests/Info.plist";
				LD_RUNPATH_SEARCH_PATHS = "$(inherited) @executable_path/Frameworks @loader_path/Frameworks";
				PRODUCT_NAME = "$(TARGET_NAME)";
				TEST_HOST = "$(BUILT_PRODUCTS_DIR)/Movie Reviews.app/Movie Reviews";
			};
			name = Release;
		};
		43CD7F981B7A1AC300D56E2C /* Debug */ = {
			isa = XCBuildConfiguration;
			buildSettings = {
				PRODUCT_NAME = "$(TARGET_NAME)";
			};
			name = Debug;
		};
		43CD7F991B7A1AC300D56E2C /* Release */ = {
			isa = XCBuildConfiguration;
			buildSettings = {
				PRODUCT_NAME = "$(TARGET_NAME)";
			};
			name = Release;
		};
/* End XCBuildConfiguration section */

/* Begin XCConfigurationList section */
		4394F7B71B74BD44008D4B35 /* Build configuration list for PBXProject "Movie Reviews" */ = {
			isa = XCConfigurationList;
			buildConfigurations = (
				4394F7E01B74BD44008D4B35 /* Debug */,
				4394F7E11B74BD44008D4B35 /* Release */,
			);
			defaultConfigurationIsVisible = 0;
			defaultConfigurationName = Release;
		};
		4394F7E21B74BD44008D4B35 /* Build configuration list for PBXNativeTarget "Movie Reviews" */ = {
			isa = XCConfigurationList;
			buildConfigurations = (
				4394F7E31B74BD44008D4B35 /* Debug */,
				4394F7E41B74BD44008D4B35 /* Release */,
			);
			defaultConfigurationIsVisible = 0;
			defaultConfigurationName = Release;
		};
		4394F7E51B74BD44008D4B35 /* Build configuration list for PBXNativeTarget "Movie ReviewsTests" */ = {
			isa = XCConfigurationList;
			buildConfigurations = (
				4394F7E61B74BD44008D4B35 /* Debug */,
				4394F7E71B74BD44008D4B35 /* Release */,
			);
			defaultConfigurationIsVisible = 0;
			defaultConfigurationName = Release;
		};
		43CD7F971B7A1AC300D56E2C /* Build configuration list for PBXAggregateTarget "Documentation" */ = {
			isa = XCConfigurationList;
			buildConfigurations = (
				43CD7F981B7A1AC300D56E2C /* Debug */,
				43CD7F991B7A1AC300D56E2C /* Release */,
			);
			defaultConfigurationIsVisible = 0;
			defaultConfigurationName = Release;
		};
/* End XCConfigurationList section */

/* Begin XCVersionGroup section */
		4394F80E1B74C6D6008D4B35 /* Model.xcdatamodeld */ = {
			isa = XCVersionGroup;
			children = (
				4394F80F1B74C6D6008D4B35 /* Model.xcdatamodel */,
			);
			currentVersion = 4394F80F1B74C6D6008D4B35 /* Model.xcdatamodel */;
			path = Model.xcdatamodeld;
			sourceTree = "<group>";
			versionGroupType = wrapper.xcdatamodel;
		};
/* End XCVersionGroup section */
	};
	rootObject = 4394F7B41B74BD44008D4B35 /* Project object */;
}
